
Microsoft Visual Studio Solution File, Format Version 12.00
# Visual Studio Version 16
VisualStudioVersion = 16.0.31321.278
MinimumVisualStudioVersion = 10.0.40219.1
Project("{9A19103F-16F7-4668-BE54-9A1E7A4F7556}") = "Console App", "Console App\Console App.csproj", "{B4F4D7BB-20ED-47BC-A39B-DFD1342A305D}"
EndProject
Project("{9A19103F-16F7-4668-BE54-9A1E7A4F7556}") = "Tests", "Tests\Tests.csproj", "{8FB519BF-98E4-46E9-9E8D-05FB99EF3230}"
EndProject
Project("{FAE04EC0-301F-11D3-BF4B-00C04F79EFBC}") = "WinForms App", "WinForms App\WinForms App.csproj", "{33592249-F132-459F-A6A8-5DF441DD3158}"
EndProject
Global
	GlobalSection(SolutionConfigurationPlatforms) = preSolution
		Debug|Any CPU = Debug|Any CPU
		Release|Any CPU = Release|Any CPU
	EndGlobalSection
	GlobalSection(ProjectConfigurationPlatforms) = postSolution
		{B4F4D7BB-20ED-47BC-A39B-DFD1342A305D}.Debug|Any CPU.ActiveCfg = Debug|Any CPU
		{B4F4D7BB-20ED-47BC-A39B-DFD1342A305D}.Debug|Any CPU.Build.0 = Debug|Any CPU
		{B4F4D7BB-20ED-47BC-A39B-DFD1342A305D}.Release|Any CPU.ActiveCfg = Release|Any CPU
		{B4F4D7BB-20ED-47BC-A39B-DFD1342A305D}.Release|Any CPU.Build.0 = Release|Any CPU
		{8FB519BF-98E4-46E9-9E8D-05FB99EF3230}.Debug|Any CPU.ActiveCfg = Debug|Any CPU
		{8FB519BF-98E4-46E9-9E8D-05FB99EF3230}.Debug|Any CPU.Build.0 = Debug|Any CPU
		{8FB519BF-98E4-46E9-9E8D-05FB99EF3230}.Release|Any CPU.ActiveCfg = Release|Any CPU
		{8FB519BF-98E4-46E9-9E8D-05FB99EF3230}.Release|Any CPU.Build.0 = Release|Any CPU
		{33592249-F132-459F-A6A8-5DF441DD3158}.Debug|Any CPU.ActiveCfg = Debug|Any CPU
		{33592249-F132-459F-A6A8-5DF441DD3158}.Debug|Any CPU.Build.0 = Debug|Any CPU
		{33592249-F132-459F-A6A8-5DF441DD3158}.Release|Any CPU.ActiveCfg = Release|Any CPU
		{33592249-F132-459F-A6A8-5DF441DD3158}.Release|Any CPU.Build.0 = Release|Any CPU
	EndGlobalSection
	GlobalSection(SolutionProperties) = preSolution
		HideSolutionNode = FALSE
	EndGlobalSection
	GlobalSection(ExtensibilityGlobals) = postSolution
		SolutionGuid = {D5E3FDEE-434C-46D8-A6B2-A4BD667C5875}
	EndGlobalSection
EndGlobal
